
Microsoft Visual Studio Solution File, Format Version 12.00
# Visual Studio 15
VisualStudioVersion = 15.0.27428.2015
MinimumVisualStudioVersion = 10.0.40219.1
Project("{FAE04EC0-301F-11D3-BF4B-00C04F79EFBC}") = "AttributeRouting", "AttributeRouting\AttributeRouting.csproj", "{3BDCF645-988E-4D06-AC36-CEA3556E7232}"
EndProject
Global
	GlobalSection(SolutionConfigurationPlatforms) = preSolution
		Debug|Any CPU = Debug|Any CPU
		Release|Any CPU = Release|Any CPU
	EndGlobalSection
	GlobalSection(ProjectConfigurationPlatforms) = postSolution
		{3BDCF645-988E-4D06-AC36-CEA3556E7232}.Debug|Any CPU.ActiveCfg = Debug|Any CPU
		{3BDCF645-988E-4D06-AC36-CEA3556E7232}.Debug|Any CPU.Build.0 = Debug|Any CPU
		{3BDCF645-988E-4D06-AC36-CEA3556E7232}.Release|Any CPU.ActiveCfg = Release|Any CPU
		{3BDCF645-988E-4D06-AC36-CEA3556E7232}.Release|Any CPU.Build.0 = Release|Any CPU
	EndGlobalSection
	GlobalSection(SolutionProperties) = preSolution
		HideSolutionNode = FALSE
	EndGlobalSection
	GlobalSection(ExtensibilityGlobals) = postSolution
		SolutionGuid = {BBFE015E-49AD-456A-85DD-145076E99260}
	EndGlobalSection
EndGlobal
